
Microsoft Visual Studio Solution File, Format Version 12.00
# Visual Studio Version 17
VisualStudioVersion = 17.9.34622.214
MinimumVisualStudioVersion = 10.0.40219.1
Project("{8BC9CEB8-8B4A-11D0-8D11-00A0C91BC942}") = "Bolsa", "Bolsa\Bolsa.vcxproj", "{D4A7453E-E9A1-45FC-B58D-5A82010F30A3}"
EndProject
Project("{8BC9CEB8-8B4A-11D0-8D11-00A0C91BC942}") = "Cliente", "Cliente\Cliente.vcxproj", "{B93F34E2-72B7-4EAD-B809-06F8C417303D}"
EndProject
Project("{8BC9CEB8-8B4A-11D0-8D11-00A0C91BC942}") = "Board", "Board\Board.vcxproj", "{4CC3D89C-8AE1-450D-B0DB-027F361A7833}"
EndProject
Project("{2150E333-8FDC-42A3-9474-1A3956D46DE8}") = "Solution Items", "Solution Items", "{C6A8B9A9-D127-4372-A820-DC5AEF021363}"
	ProjectSection(SolutionItems) = preProject
		.gitattributes = .gitattributes
		.gitignore = .gitignore
		README.md = README.md
	EndProjectSection
EndProject
Project("{8BC9CEB8-8B4A-11D0-8D11-00A0C91BC942}") = "SO2 Utility", "SO2 Utility\SO2 Utility.vcxproj", "{AD1144A7-4EAA-4FF8-9444-CAC4EE3F6629}"
EndProject
Project("{8BC9CEB8-8B4A-11D0-8D11-00A0C91BC942}") = "BoardGUI", "BoardGUI\BoardGUI.vcxproj", "{0890023E-3AE8-4E14-AD4C-9546A268A596}"
EndProject
Global
	GlobalSection(SolutionConfigurationPlatforms) = preSolution
		Debug|x64 = Debug|x64
		Debug|x86 = Debug|x86
		Just Board|x64 = Just Board|x64
		Just Board|x86 = Just Board|x86
		Release|x64 = Release|x64
		Release|x86 = Release|x86
	EndGlobalSection
	GlobalSection(ProjectConfigurationPlatforms) = postSolution
		{D4A7453E-E9A1-45FC-B58D-5A82010F30A3}.Debug|x64.ActiveCfg = Debug|x64
		{D4A7453E-E9A1-45FC-B58D-5A82010F30A3}.Debug|x64.Build.0 = Debug|x64
		{D4A7453E-E9A1-45FC-B58D-5A82010F30A3}.Debug|x86.ActiveCfg = Debug|Win32
		{D4A7453E-E9A1-45FC-B58D-5A82010F30A3}.Debug|x86.Build.0 = Debug|Win32
		{D4A7453E-E9A1-45FC-B58D-5A82010F30A3}.Just Board|x64.ActiveCfg = Just Board|x64
		{D4A7453E-E9A1-45FC-B58D-5A82010F30A3}.Just Board|x64.Build.0 = Just Board|x64
		{D4A7453E-E9A1-45FC-B58D-5A82010F30A3}.Just Board|x86.ActiveCfg = Just Board|Win32
		{D4A7453E-E9A1-45FC-B58D-5A82010F30A3}.Just Board|x86.Build.0 = Just Board|Win32
		{D4A7453E-E9A1-45FC-B58D-5A82010F30A3}.Release|x64.ActiveCfg = Release|x64
		{D4A7453E-E9A1-45FC-B58D-5A82010F30A3}.Release|x64.Build.0 = Release|x64
		{D4A7453E-E9A1-45FC-B58D-5A82010F30A3}.Release|x86.ActiveCfg = Release|Win32
		{D4A7453E-E9A1-45FC-B58D-5A82010F30A3}.Release|x86.Build.0 = Release|Win32
		{B93F34E2-72B7-4EAD-B809-06F8C417303D}.Debug|x64.ActiveCfg = Debug|x64
		{B93F34E2-72B7-4EAD-B809-06F8C417303D}.Debug|x64.Build.0 = Debug|x64
		{B93F34E2-72B7-4EAD-B809-06F8C417303D}.Debug|x86.ActiveCfg = Debug|Win32
		{B93F34E2-72B7-4EAD-B809-06F8C417303D}.Debug|x86.Build.0 = Debug|Win32
		{B93F34E2-72B7-4EAD-B809-06F8C417303D}.Just Board|x64.ActiveCfg = Just Board|x64
		{B93F34E2-72B7-4EAD-B809-06F8C417303D}.Just Board|x64.Build.0 = Just Board|x64
		{B93F34E2-72B7-4EAD-B809-06F8C417303D}.Just Board|x86.ActiveCfg = Just Board|Win32
		{B93F34E2-72B7-4EAD-B809-06F8C417303D}.Just Board|x86.Build.0 = Just Board|Win32
		{B93F34E2-72B7-4EAD-B809-06F8C417303D}.Release|x64.ActiveCfg = Release|x64
		{B93F34E2-72B7-4EAD-B809-06F8C417303D}.Release|x64.Build.0 = Release|x64
		{B93F34E2-72B7-4EAD-B809-06F8C417303D}.Release|x86.ActiveCfg = Release|Win32
		{B93F34E2-72B7-4EAD-B809-06F8C417303D}.Release|x86.Build.0 = Release|Win32
		{4CC3D89C-8AE1-450D-B0DB-027F361A7833}.Debug|x64.ActiveCfg = Debug|x64
		{4CC3D89C-8AE1-450D-B0DB-027F361A7833}.Debug|x64.Build.0 = Debug|x64
		{4CC3D89C-8AE1-450D-B0DB-027F361A7833}.Debug|x86.ActiveCfg = Debug|Win32
		{4CC3D89C-8AE1-450D-B0DB-027F361A7833}.Debug|x86.Build.0 = Debug|Win32
		{4CC3D89C-8AE1-450D-B0DB-027F361A7833}.Just Board|x64.ActiveCfg = Just Board|x64
		{4CC3D89C-8AE1-450D-B0DB-027F361A7833}.Just Board|x64.Build.0 = Just Board|x64
		{4CC3D89C-8AE1-450D-B0DB-027F361A7833}.Just Board|x86.ActiveCfg = Just Board|Win32
		{4CC3D89C-8AE1-450D-B0DB-027F361A7833}.Just Board|x86.Build.0 = Just Board|Win32
		{4CC3D89C-8AE1-450D-B0DB-027F361A7833}.Release|x64.ActiveCfg = Release|x64
		{4CC3D89C-8AE1-450D-B0DB-027F361A7833}.Release|x64.Build.0 = Release|x64
		{4CC3D89C-8AE1-450D-B0DB-027F361A7833}.Release|x86.ActiveCfg = Release|Win32
		{4CC3D89C-8AE1-450D-B0DB-027F361A7833}.Release|x86.Build.0 = Release|Win32
		{AD1144A7-4EAA-4FF8-9444-CAC4EE3F6629}.Debug|x64.ActiveCfg = Debug|x64
		{AD1144A7-4EAA-4FF8-9444-CAC4EE3F6629}.Debug|x64.Build.0 = Debug|x64
		{AD1144A7-4EAA-4FF8-9444-CAC4EE3F6629}.Debug|x86.ActiveCfg = Debug|Win32
		{AD1144A7-4EAA-4FF8-9444-CAC4EE3F6629}.Debug|x86.Build.0 = Debug|Win32
		{AD1144A7-4EAA-4FF8-9444-CAC4EE3F6629}.Just Board|x64.ActiveCfg = Just Board|x64
		{AD1144A7-4EAA-4FF8-9444-CAC4EE3F6629}.Just Board|x64.Build.0 = Just Board|x64
		{AD1144A7-4EAA-4FF8-9444-CAC4EE3F6629}.Just Board|x86.ActiveCfg = Just Board|Win32
		{AD1144A7-4EAA-4FF8-9444-CAC4EE3F6629}.Just Board|x86.Build.0 = Just Board|Win32
		{AD1144A7-4EAA-4FF8-9444-CAC4EE3F6629}.Release|x64.ActiveCfg = Release|x64
		{AD1144A7-4EAA-4FF8-9444-CAC4EE3F6629}.Release|x64.Build.0 = Release|x64
		{AD1144A7-4EAA-4FF8-9444-CAC4EE3F6629}.Release|x86.ActiveCfg = Release|Win32
		{AD1144A7-4EAA-4FF8-9444-CAC4EE3F6629}.Release|x86.Build.0 = Release|Win32
		{0890023E-3AE8-4E14-AD4C-9546A268A596}.Debug|x64.ActiveCfg = Debug|x64
		{0890023E-3AE8-4E14-AD4C-9546A268A596}.Debug|x64.Build.0 = Debug|x64
		{0890023E-3AE8-4E14-AD4C-9546A268A596}.Debug|x86.ActiveCfg = Debug|Win32
		{0890023E-3AE8-4E14-AD4C-9546A268A596}.Debug|x86.Build.0 = Debug|Win32
		{0890023E-3AE8-4E14-AD4C-9546A268A596}.Just Board|x64.ActiveCfg = Debug|x64
		{0890023E-3AE8-4E14-AD4C-9546A268A596}.Just Board|x64.Build.0 = Debug|x64
		{0890023E-3AE8-4E14-AD4C-9546A268A596}.Just Board|x86.ActiveCfg = Debug|Win32
		{0890023E-3AE8-4E14-AD4C-9546A268A596}.Just Board|x86.Build.0 = Debug|Win32
		{0890023E-3AE8-4E14-AD4C-9546A268A596}.Release|x64.ActiveCfg = Release|x64
		{0890023E-3AE8-4E14-AD4C-9546A268A596}.Release|x64.Build.0 = Release|x64
		{0890023E-3AE8-4E14-AD4C-9546A268A596}.Release|x86.ActiveCfg = Release|Win32
		{0890023E-3AE8-4E14-AD4C-9546A268A596}.Release|x86.Build.0 = Release|Win32
	EndGlobalSection
	GlobalSection(SolutionProperties) = preSolution
		HideSolutionNode = FALSE
	EndGlobalSection
	GlobalSection(ExtensibilityGlobals) = postSolution
		SolutionGuid = {41D2283F-A371-438A-9F31-2AFE72CD2789}
	EndGlobalSection
EndGlobal
